dependencies:
- name: airflow
  repository: https://airflow-helm.github.io/charts
  version: 8.5.2
- name: keda
  repository: https://kedacore.github.io/charts
  version: 2.4.0
- name: prometheus
  repository: https://prometheus-community.github.io/helm-charts
  version: 14.11.0
- name: prometheus-adapter
  repository: https://prometheus-community.github.io/helm-charts
  version: 2.17.0
digest: sha256:66fa9221e1f4af228a9f9a4ddb4eae3984bb5177031eebef6f7fd07af4589923
generated: "2021-10-16T10:01:32.990184-05:00"
